// !$*UTF8*$!
{
	archiveVersion = 1;
	classes = {
	};
	objectVersion = 56;
	objects = {

/* Begin PBXBuildFile section */
		4C3D44622E65DC3100FD0ED4 /* LaunchAtLogin in Frameworks */ = {isa = PBXBuildFile; productRef = 4C3D44612E65DC3100FD0ED4 /* LaunchAtLogin */; };
		A10000012025000000000001 /* ChillApp.swift in Sources */ = {isa = PBXBuildFile; fileRef = A10000002025000000000001 /* ChillApp.swift */; };
		A10000022025000000000001 /* SittingTimer.swift in Sources */ = {isa = PBXBuildFile; fileRef = A10000002025000000000002 /* SittingTimer.swift */; };
		A10000032025000000000001 /* ColorScale.swift in Sources */ = {isa = PBXBuildFile; fileRef = A10000002025000000000003 /* ColorScale.swift */; };
		A10000042025000000000001 /* StatusItemView.swift in Sources */ = {isa = PBXBuildFile; fileRef = A10000002025000000000004 /* StatusItemView.swift */; };
		A10000052025000000000001 /* PreferencesView.swift in Sources */ = {isa = PBXBuildFile; fileRef = A10000002025000000000005 /* PreferencesView.swift */; };
		A10000062025000000000001 /* Assets.xcassets in Resources */ = {isa = PBXBuildFile; fileRef = A10000002025000000000006 /* Assets.xcassets */; };
		A1AAA0002025000000000001 /* StatusBarController.swift in Sources */ = {isa = PBXBuildFile; fileRef = A1AAA0001025000000000001 /* StatusBarController.swift */; };
/* End PBXBuildFile section */

/* Begin PBXFileReference section */
		4C7B4E822E63481D00483554 /* Chill.entitlements */ = {isa = PBXFileReference; lastKnownFileType = text.plist.entitlements; path = Chill.entitlements; sourceTree = "<group>"; };
		A10000002025000000000000 /* Chill.app */ = {isa = PBXFileReference; explicitFileType = wrapper.application; path = Chill.app; sourceTree = BUILT_PRODUCTS_DIR; };
		A10000002025000000000001 /* ChillApp.swift */ = {isa = PBXFileReference; lastKnownFileType = sourcecode.swift; path = ChillApp.swift; sourceTree = "<group>"; };
		A10000002025000000000002 /* SittingTimer.swift */ = {isa = PBXFileReference; lastKnownFileType = sourcecode.swift; path = SittingTimer.swift; sourceTree = "<group>"; };
		A10000002025000000000003 /* ColorScale.swift */ = {isa = PBXFileReference; lastKnownFileType = sourcecode.swift; path = ColorScale.swift; sourceTree = "<group>"; };
		A10000002025000000000004 /* StatusItemView.swift */ = {isa = PBXFileReference; lastKnownFileType = sourcecode.swift; path = StatusItemView.swift; sourceTree = "<group>"; };
		A10000002025000000000005 /* PreferencesView.swift */ = {isa = PBXFileReference; lastKnownFileType = sourcecode.swift; path = PreferencesView.swift; sourceTree = "<group>"; };
		A10000002025000000000006 /* Assets.xcassets */ = {isa = PBXFileReference; lastKnownFileType = folder.assetcatalog; path = Assets.xcassets; sourceTree = "<group>"; };
		A10000002025000000000007 /* Info.plist */ = {isa = PBXFileReference; lastKnownFileType = text.plist.xml; path = Info.plist; sourceTree = "<group>"; };
		A1AAA0001025000000000001 /* StatusBarController.swift */ = {isa = PBXFileReference; lastKnownFileType = sourcecode.swift; path = StatusBarController.swift; sourceTree = "<group>"; };
/* End PBXFileReference section */

/* Begin PBXFrameworksBuildPhase section */
		A10000102025000000000001 /* Frameworks */ = {
			isa = PBXFrameworksBuildPhase;
			buildActionMask = 2147483647;
			files = (
				4C3D44622E65DC3100FD0ED4 /* LaunchAtLogin in Frameworks */,
			);
			runOnlyForDeploymentPostprocessing = 0;
		};
/* End PBXFrameworksBuildPhase section */

/* Begin PBXGroup section */
		A10000202025000000000001 = {
			isa = PBXGroup;
			children = (
				A10000302025000000000001 /* Chill */,
				A10000212025000000000001 /* Products */,
			);
			sourceTree = "<group>";
		};
		A10000212025000000000001 /* Products */ = {
			isa = PBXGroup;
			children = (
				A10000002025000000000000 /* Chill.app */,
			);
			name = Products;
			sourceTree = "<group>";
		};
		A10000302025000000000001 /* Chill */ = {
			isa = PBXGroup;
			children = (
				4C7B4E822E63481D00483554 /* Chill.entitlements */,
				A10000002025000000000001 /* ChillApp.swift */,
				A10000002025000000000002 /* SittingTimer.swift */,
				A10000002025000000000003 /* ColorScale.swift */,
				A10000002025000000000004 /* StatusItemView.swift */,
				A10000002025000000000005 /* PreferencesView.swift */,
				A1AAA0001025000000000001 /* StatusBarController.swift */,
				A10000002025000000000006 /* Assets.xcassets */,
				A10000002025000000000007 /* Info.plist */,
			);
			path = Chill;
			sourceTree = "<group>";
		};
/* End PBXGroup section */

/* Begin PBXNativeTarget section */
		A10000402025000000000001 /* Chill */ = {
			isa = PBXNativeTarget;
			buildConfigurationList = A10000502025000000000001 /* Build configuration list for PBXNativeTarget "Chill" */;
			buildPhases = (
				A10000602025000000000001 /* Sources */,
				A10000102025000000000001 /* Frameworks */,
				A10000702025000000000001 /* Resources */,
			);
			buildRules = (
			);
			dependencies = (
			);
			name = Chill;
			productName = Chill;
			productReference = A10000002025000000000000 /* Chill.app */;
			productType = "com.apple.product-type.application";
		};
/* End PBXNativeTarget section */

/* Begin PBXProject section */
		A1FFFFF02025000000000001 /* Project object */ = {
			isa = PBXProject;
			attributes = {
				BuildIndependentTargetsInParallel = YES;
				LastSwiftUpdateCheck = 1500;
				LastUpgradeCheck = 1640;
				ORGANIZATIONNAME = "";
			};
			buildConfigurationList = A1FFFFF12025000000000001 /* Build configuration list for PBXProject "Chill" */;
			compatibilityVersion = "Xcode 14.0";
			developmentRegion = en;
			hasScannedForEncodings = 0;
			knownRegions = (
				en,
			);
			mainGroup = A10000202025000000000001;
			packageReferences = (
				4C3D44602E65DC3100FD0ED4 /* XCRemoteSwiftPackageReference "LaunchAtLogin-Modern" */,
			);
			productRefGroup = A10000212025000000000001 /* Products */;
			projectDirPath = "";
			projectRoot = "";
			targets = (
				A10000402025000000000001 /* Chill */,
			);
		};
/* End PBXProject section */

/* Begin PBXResourcesBuildPhase section */
		A10000702025000000000001 /* Resources */ = {
			isa = PBXResourcesBuildPhase;
			buildActionMask = 2147483647;
			files = (
				A10000062025000000000001 /* Assets.xcassets in Resources */,
			);
			runOnlyForDeploymentPostprocessing = 0;
		};
/* End PBXResourcesBuildPhase section */

/* Begin PBXSourcesBuildPhase section */
		A10000602025000000000001 /* Sources */ = {
			isa = PBXSourcesBuildPhase;
			buildActionMask = 2147483647;
			files = (
				A10000012025000000000001 /* ChillApp.swift in Sources */,
				A10000022025000000000001 /* SittingTimer.swift in Sources */,
				A10000032025000000000001 /* ColorScale.swift in Sources */,
				A10000042025000000000001 /* StatusItemView.swift in Sources */,
				A10000052025000000000001 /* PreferencesView.swift in Sources */,
				A1AAA0002025000000000001 /* StatusBarController.swift in Sources */,
			);
			runOnlyForDeploymentPostprocessing = 0;
		};
/* End PBXSourcesBuildPhase section */

/* Begin XCBuildConfiguration section */
		A1FFF1002025000000000001 /* Debug */ = {
			isa = XCBuildConfiguration;
			buildSettings = {
				ALWAYS_SEARCH_USER_PATHS = NO;
				ASSETCATALOG_COMPILER_APPICON_NAME = AppIcon;
				ASSETCATALOG_COMPILER_INCLUDE_ALL_APPICON_ASSETS = YES;
				CLANG_ANALYZER_LOCALIZABILITY_NONLOCALIZED = YES;
				CLANG_ENABLE_OBJC_WEAK = YES;
				CLANG_WARN_BLOCK_CAPTURE_AUTORELEASING = YES;
				CLANG_WARN_BOOL_CONVERSION = YES;
				CLANG_WARN_COMMA = YES;
				CLANG_WARN_CONSTANT_CONVERSION = YES;
				CLANG_WARN_DEPRECATED_OBJC_IMPLEMENTATIONS = YES;
				CLANG_WARN_EMPTY_BODY = YES;
				CLANG_WARN_ENUM_CONVERSION = YES;
				CLANG_WARN_INFINITE_RECURSION = YES;
				CLANG_WARN_INT_CONVERSION = YES;
				CLANG_WARN_NON_LITERAL_NULL_CONVERSION = YES;
				CLANG_WARN_OBJC_IMPLICIT_RETAIN_SELF = YES;
				CLANG_WARN_OBJC_LITERAL_CONVERSION = YES;
				CLANG_WARN_QUOTED_INCLUDE_IN_FRAMEWORK_HEADER = YES;
				CLANG_WARN_RANGE_LOOP_ANALYSIS = YES;
				CLANG_WARN_STRICT_PROTOTYPES = YES;
				CLANG_WARN_SUSPICIOUS_MOVE = YES;
				CLANG_WARN_UNREACHABLE_CODE = YES;
				CLANG_WARN__DUPLICATE_METHOD_MATCH = YES;
				CODE_SIGN_ENTITLEMENTS = Chill/Chill.entitlements;
				CODE_SIGN_STYLE = Automatic;
				CURRENT_PROJECT_VERSION = 1;
				DEAD_CODE_STRIPPING = YES;
				DEVELOPMENT_TEAM = 2S226P5MUJ;
				ENABLE_HARDENED_RUNTIME = YES;
				ENABLE_STRICT_OBJC_MSGSEND = YES;
				ENABLE_TESTABILITY = YES;
				ENABLE_USER_SCRIPT_SANDBOXING = YES;
				GCC_NO_COMMON_BLOCKS = YES;
				GCC_WARN_64_TO_32_BIT_CONVERSION = YES;
				GCC_WARN_ABOUT_RETURN_TYPE = YES;
				GCC_WARN_UNDECLARED_SELECTOR = YES;
				GCC_WARN_UNINITIALIZED_AUTOS = YES;
				GCC_WARN_UNUSED_FUNCTION = YES;
				GCC_WARN_UNUSED_VARIABLE = YES;
				GENERATE_INFOPLIST_FILE = NO;
				INFOPLIST_FILE = Chill/Info.plist;
				INFOPLIST_KEY_CFBundleDisplayName = Chill;
				INFOPLIST_KEY_LSApplicationCategoryType = "public.app-category.healthcare-fitness";
				LD_RUNPATH_SEARCH_PATHS = (
					"$(inherited)",
					"@executable_path/../Frameworks",
				);
				MACOSX_DEPLOYMENT_TARGET = 13.0;
				MARKETING_VERSION = 1.0;
				ONLY_ACTIVE_ARCH = YES;
				PRODUCT_BUNDLE_IDENTIFIER = com.noskyzenx.Chill;
				PRODUCT_NAME = Chill;
				SDKROOT = macosx;
				SUPPORTED_PLATFORMS = macosx;
				SWIFT_VERSION = 5.0;
				TARGETED_DEVICE_FAMILY = 6;
			};
			name = Debug;
		};
		A1FFF1002025000000000002 /* Release */ = {
			isa = XCBuildConfiguration;
			buildSettings = {
				ALWAYS_SEARCH_USER_PATHS = NO;
				ASSETCATALOG_COMPILER_APPICON_NAME = AppIcon;
				ASSETCATALOG_COMPILER_INCLUDE_ALL_APPICON_ASSETS = YES;
				CLANG_ANALYZER_LOCALIZABILITY_NONLOCALIZED = YES;
				CLANG_ENABLE_OBJC_WEAK = YES;
				CLANG_WARN_BLOCK_CAPTURE_AUTORELEASING = YES;
				CLANG_WARN_BOOL_CONVERSION = YES;
				CLANG_WARN_COMMA = YES;
				CLANG_WARN_CONSTANT_CONVERSION = YES;
				CLANG_WARN_DEPRECATED_OBJC_IMPLEMENTATIONS = YES;
				CLANG_WARN_EMPTY_BODY = YES;
				CLANG_WARN_ENUM_CONVERSION = YES;
				CLANG_WARN_INFINITE_RECURSION = YES;
				CLANG_WARN_INT_CONVERSION = YES;
				CLANG_WARN_NON_LITERAL_NULL_CONVERSION = YES;
				CLANG_WARN_OBJC_IMPLICIT_RETAIN_SELF = YES;
				CLANG_WARN_OBJC_LITERAL_CONVERSION = YES;
				CLANG_WARN_QUOTED_INCLUDE_IN_FRAMEWORK_HEADER = YES;
				CLANG_WARN_RANGE_LOOP_ANALYSIS = YES;
				CLANG_WARN_STRICT_PROTOTYPES = YES;
				CLANG_WARN_SUSPICIOUS_MOVE = YES;
				CLANG_WARN_UNREACHABLE_CODE = YES;
				CLANG_WARN__DUPLICATE_METHOD_MATCH = YES;
				CODE_SIGN_ENTITLEMENTS = Chill/Chill.entitlements;
				CODE_SIGN_STYLE = Automatic;
				CURRENT_PROJECT_VERSION = 1;
				DEAD_CODE_STRIPPING = YES;
				DEVELOPMENT_TEAM = 2S226P5MUJ;
				ENABLE_HARDENED_RUNTIME = YES;
				ENABLE_STRICT_OBJC_MSGSEND = YES;
				ENABLE_USER_SCRIPT_SANDBOXING = YES;
				GCC_NO_COMMON_BLOCKS = YES;
				GCC_WARN_64_TO_32_BIT_CONVERSION = YES;
				GCC_WARN_ABOUT_RETURN_TYPE = YES;
				GCC_WARN_UNDECLARED_SELECTOR = YES;
				GCC_WARN_UNINITIALIZED_AUTOS = YES;
				GCC_WARN_UNUSED_FUNCTION = YES;
				GCC_WARN_UNUSED_VARIABLE = YES;
				GENERATE_INFOPLIST_FILE = NO;
				INFOPLIST_FILE = Chill/Info.plist;
				INFOPLIST_KEY_CFBundleDisplayName = Chill;
				INFOPLIST_KEY_LSApplicationCategoryType = "public.app-category.healthcare-fitness";
				LD_RUNPATH_SEARCH_PATHS = (
					"$(inherited)",
					"@executable_path/../Frameworks",
				);
				MACOSX_DEPLOYMENT_TARGET = 13.0;
				MARKETING_VERSION = 1.0;
				PRODUCT_BUNDLE_IDENTIFIER = com.noskyzenx.Chill;
				PRODUCT_NAME = Chill;
				SDKROOT = macosx;
				SUPPORTED_PLATFORMS = macosx;
				SWIFT_COMPILATION_MODE = wholemodule;
				SWIFT_VERSION = 5.0;
				TARGETED_DEVICE_FAMILY = 6;
			};
			name = Release;
		};
/* End XCBuildConfiguration section */

/* Begin XCConfigurationList section */
		A10000502025000000000001 /* Build configuration list for PBXNativeTarget "Chill" */ = {
			isa = XCConfigurationList;
			buildConfigurations = (
				A1FFF1002025000000000001 /* Debug */,
				A1FFF1002025000000000002 /* Release */,
			);
			defaultConfigurationIsVisible = 0;
			defaultConfigurationName = Release;
		};
		A1FFFFF12025000000000001 /* Build configuration list for PBXProject "Chill" */ = {
			isa = XCConfigurationList;
			buildConfigurations = (
				A1FFF1002025000000000001 /* Debug */,
				A1FFF1002025000000000002 /* Release */,
			);
			defaultConfigurationIsVisible = 0;
			defaultConfigurationName = Release;
		};
/* End XCConfigurationList section */

/* Begin XCRemoteSwiftPackageReference section */
		4C3D44602E65DC3100FD0ED4 /* XCRemoteSwiftPackageReference "LaunchAtLogin-Modern" */ = {
			isa = XCRemoteSwiftPackageReference;
			repositoryURL = "https://github.com/sindresorhus/LaunchAtLogin-Modern";
			requirement = {
				branch = main;
				kind = branch;
			};
		};
/* End XCRemoteSwiftPackageReference section */

/* Begin XCSwiftPackageProductDependency section */
		4C3D44612E65DC3100FD0ED4 /* LaunchAtLogin */ = {
			isa = XCSwiftPackageProductDependency;
			package = 4C3D44602E65DC3100FD0ED4 /* XCRemoteSwiftPackageReference "LaunchAtLogin-Modern" */;
			productName = LaunchAtLogin;
		};
/* End XCSwiftPackageProductDependency section */
	};
	rootObject = A1FFFFF02025000000000001 /* Project object */;
}
